# THIS IS AN AUTOGENERATED FILE. DO NOT EDIT THIS FILE DIRECTLY.
# yarn lockfile v1


"roboto-fontface@^0.10.0":
  "integrity" "sha512-OlwfYEgA2RdboZohpldlvJ1xngOins5d7ejqnIBWr9KaMxsnBqotpptRXTyfNRLnFpqzX6sTDt+X+a+6udnU8g=="
  "resolved" "https://registry.npmjs.org/roboto-fontface/-/roboto-fontface-0.10.0.tgz"
  "version" "0.10.0"
